
Microsoft Visual Studio Solution File, Format Version 12.00
# Visual Studio Version 17
VisualStudioVersion = 17.4.33122.133
MinimumVisualStudioVersion = 10.0.40219.1
Project("{FAE04EC0-301F-11D3-BF4B-00C04F79EFBC}") = "DigitalImageProcessing", "DigitalImageProcessing\DigitalImageProcessing.csproj", "{3BF24A63-F444-47D0-A969-54407B56E2ED}"
EndProject
Global
	GlobalSection(SolutionConfigurationPlatforms) = preSolution
		Debug|Any CPU = Debug|Any CPU
		Release|Any CPU = Release|Any CPU
	EndGlobalSection
	GlobalSection(ProjectConfigurationPlatforms) = postSolution
		{3BF24A63-F444-47D0-A969-54407B56E2ED}.Debug|Any CPU.ActiveCfg = Debug|Any CPU
		{3BF24A63-F444-47D0-A969-54407B56E2ED}.Debug|Any CPU.Build.0 = Debug|Any CPU
		{3BF24A63-F444-47D0-A969-54407B56E2ED}.Release|Any CPU.ActiveCfg = Release|Any CPU
		{3BF24A63-F444-47D0-A969-54407B56E2ED}.Release|Any CPU.Build.0 = Release|Any CPU
	EndGlobalSection
	GlobalSection(SolutionProperties) = preSolution
		HideSolutionNode = FALSE
	EndGlobalSection
	GlobalSection(ExtensibilityGlobals) = postSolution
		SolutionGuid = {23CA6C3D-2EC9-4A6F-8362-0135FF1E34DE}
	EndGlobalSection
EndGlobal
